// !$*UTF8*$!
{
	archiveVersion = 1;
	classes = {
	};
	objectVersion = 50;
	objects = {

/* Begin PBXBuildFile section */
		B3496D9925396CE6002ED859 /* Card.swift in Sources */ = {isa = PBXBuildFile; fileRef = B3496D9825396CE6002ED859 /* Card.swift */; };
		B34C826E256E54BC0000FB82 /* PlayingAreaView.swift in Sources */ = {isa = PBXBuildFile; fileRef = B34C826D256E54BC0000FB82 /* PlayingAreaView.swift */; };
		B3829BF3253823E60019D38B /* AppDelegate.swift in Sources */ = {isa = PBXBuildFile; fileRef = B3829BF2253823E60019D38B /* AppDelegate.swift */; };
		B3829BF5253823E60019D38B /* SceneDelegate.swift in Sources */ = {isa = PBXBuildFile; fileRef = B3829BF4253823E60019D38B /* SceneDelegate.swift */; };
		B3829BF7253823E60019D38B /* ViewController.swift in Sources */ = {isa = PBXBuildFile; fileRef = B3829BF6253823E60019D38B /* ViewController.swift */; };
		B3829BFA253823E60019D38B /* Main.storyboard in Resources */ = {isa = PBXBuildFile; fileRef = B3829BF8253823E60019D38B /* Main.storyboard */; };
		B3829BFC253823E70019D38B /* Assets.xcassets in Resources */ = {isa = PBXBuildFile; fileRef = B3829BFB253823E70019D38B /* Assets.xcassets */; };
		B3829BFF253823E70019D38B /* LaunchScreen.storyboard in Resources */ = {isa = PBXBuildFile; fileRef = B3829BFD253823E70019D38B /* LaunchScreen.storyboard */; };
		B3829C08253824090019D38B /* GameOfSet.swift in Sources */ = {isa = PBXBuildFile; fileRef = B3829C07253824090019D38B /* GameOfSet.swift */; };
		B3C6DA0125677EE600565026 /* Grid.swift in Sources */ = {isa = PBXBuildFile; fileRef = B3C6DA0025677EE600565026 /* Grid.swift */; };
		B3CE1E4D25724D250017898C /* outlinedButton.swift in Sources */ = {isa = PBXBuildFile; fileRef = B3CE1E4C25724D250017898C /* outlinedButton.swift */; };
		B3EFE62C254BCD7900E69C8F /* SetCardView.swift in Sources */ = {isa = PBXBuildFile; fileRef = B3EFE62B254BCD7900E69C8F /* SetCardView.swift */; };
/* End PBXBuildFile section */

/* Begin PBXFileReference section */
		B3496D9825396CE6002ED859 /* Card.swift */ = {isa = PBXFileReference; lastKnownFileType = sourcecode.swift; path = Card.swift; sourceTree = "<group>"; };
		B34C826D256E54BC0000FB82 /* PlayingAreaView.swift */ = {isa = PBXFileReference; lastKnownFileType = sourcecode.swift; path = PlayingAreaView.swift; sourceTree = "<group>"; };
		B3829BEF253823E60019D38B /* GameOfSet.app */ = {isa = PBXFileReference; explicitFileType = wrapper.application; includeInIndex = 0; path = GameOfSet.app; sourceTree = BUILT_PRODUCTS_DIR; };
		B3829BF2253823E60019D38B /* AppDelegate.swift */ = {isa = PBXFileReference; lastKnownFileType = sourcecode.swift; path = AppDelegate.swift; sourceTree = "<group>"; };
		B3829BF4253823E60019D38B /* SceneDelegate.swift */ = {isa = PBXFileReference; lastKnownFileType = sourcecode.swift; path = SceneDelegate.swift; sourceTree = "<group>"; };
		B3829BF6253823E60019D38B /* ViewController.swift */ = {isa = PBXFileReference; lastKnownFileType = sourcecode.swift; path = ViewController.swift; sourceTree = "<group>"; };
		B3829BF9253823E60019D38B /* Base */ = {isa = PBXFileReference; lastKnownFileType = file.storyboard; name = Base; path = Base.lproj/Main.storyboard; sourceTree = "<group>"; };
		B3829BFB253823E70019D38B /* Assets.xcassets */ = {isa = PBXFileReference; lastKnownFileType = folder.assetcatalog; path = Assets.xcassets; sourceTree = "<group>"; };
		B3829BFE253823E70019D38B /* Base */ = {isa = PBXFileReference; lastKnownFileType = file.storyboard; name = Base; path = Base.lproj/LaunchScreen.storyboard; sourceTree = "<group>"; };
		B3829C00253823E70019D38B /* Info.plist */ = {isa = PBXFileReference; lastKnownFileType = text.plist.xml; path = Info.plist; sourceTree = "<group>"; };
		B3829C07253824090019D38B /* GameOfSet.swift */ = {isa = PBXFileReference; lastKnownFileType = sourcecode.swift; path = GameOfSet.swift; sourceTree = "<group>"; };
		B3C6DA0025677EE600565026 /* Grid.swift */ = {isa = PBXFileReference; lastKnownFileType = sourcecode.swift; path = Grid.swift; sourceTree = "<group>"; };
		B3CE1E4C25724D250017898C /* outlinedButton.swift */ = {isa = PBXFileReference; lastKnownFileType = sourcecode.swift; path = outlinedButton.swift; sourceTree = "<group>"; };
		B3EFE62B254BCD7900E69C8F /* SetCardView.swift */ = {isa = PBXFileReference; lastKnownFileType = sourcecode.swift; path = SetCardView.swift; sourceTree = "<group>"; };
/* End PBXFileReference section */

/* Begin PBXFrameworksBuildPhase section */
		B3829BEC253823E60019D38B /* Frameworks */ = {
			isa = PBXFrameworksBuildPhase;
			buildActionMask = 2147483647;
			files = (
			);
			runOnlyForDeploymentPostprocessing = 0;
		};
/* End PBXFrameworksBuildPhase section */

/* Begin PBXGroup section */
		B3829BE6253823E60019D38B = {
			isa = PBXGroup;
			children = (
				B3829BF1253823E60019D38B /* GameOfSet */,
				B3829BF0253823E60019D38B /* Products */,
			);
			sourceTree = "<group>";
		};
		B3829BF0253823E60019D38B /* Products */ = {
			isa = PBXGroup;
			children = (
				B3829BEF253823E60019D38B /* GameOfSet.app */,
			);
			name = Products;
			sourceTree = "<group>";
		};
		B3829BF1253823E60019D38B /* GameOfSet */ = {
			isa = PBXGroup;
			children = (
				B34C826D256E54BC0000FB82 /* PlayingAreaView.swift */,
				B3829C07253824090019D38B /* GameOfSet.swift */,
				B3EFE62B254BCD7900E69C8F /* SetCardView.swift */,
				B3C6DA0025677EE600565026 /* Grid.swift */,
				B3496D9825396CE6002ED859 /* Card.swift */,
				B3829BF6253823E60019D38B /* ViewController.swift */,
				B3CE1E4C25724D250017898C /* outlinedButton.swift */,
				B3829BF8253823E60019D38B /* Main.storyboard */,
				B3829BF2253823E60019D38B /* AppDelegate.swift */,
				B3829BF4253823E60019D38B /* SceneDelegate.swift */,
				B3829BFD253823E70019D38B /* LaunchScreen.storyboard */,
				B3829BFB253823E70019D38B /* Assets.xcassets */,
				B3829C00253823E70019D38B /* Info.plist */,
			);
			path = GameOfSet;
			sourceTree = "<group>";
		};
/* End PBXGroup section */

/* Begin PBXNativeTarget section */
		B3829BEE253823E60019D38B /* GameOfSet */ = {
			isa = PBXNativeTarget;
			buildConfigurationList = B3829C03253823E70019D38B /* Build configuration list for PBXNativeTarget "GameOfSet" */;
			buildPhases = (
				B3829BEB253823E60019D38B /* Sources */,
				B3829BEC253823E60019D38B /* Frameworks */,
				B3829BED253823E60019D38B /* Resources */,
			);
			buildRules = (
			);
			dependencies = (
			);
			name = GameOfSet;
			productName = GameOfSet;
			productReference = B3829BEF253823E60019D38B /* GameOfSet.app */;
			productType = "com.apple.product-type.application";
		};
/* End PBXNativeTarget section */

/* Begin PBXProject section */
		B3829BE7253823E60019D38B /* Project object */ = {
			isa = PBXProject;
			attributes = {
				LastSwiftUpdateCheck = 1200;
				LastUpgradeCheck = 1200;
				TargetAttributes = {
					B3829BEE253823E60019D38B = {
						CreatedOnToolsVersion = 12.0.1;
					};
				};
			};
			buildConfigurationList = B3829BEA253823E60019D38B /* Build configuration list for PBXProject "GameOfSet" */;
			compatibilityVersion = "Xcode 9.3";
			developmentRegion = en;
			hasScannedForEncodings = 0;
			knownRegions = (
				en,
				Base,
			);
			mainGroup = B3829BE6253823E60019D38B;
			productRefGroup = B3829BF0253823E60019D38B /* Products */;
			projectDirPath = "";
			projectRoot = "";
			targets = (
				B3829BEE253823E60019D38B /* GameOfSet */,
			);
		};
/* End PBXProject section */

/* Begin PBXResourcesBuildPhase section */
		B3829BED253823E60019D38B /* Resources */ = {
			isa = PBXResourcesBuildPhase;
			buildActionMask = 2147483647;
			files = (
				B3829BFF253823E70019D38B /* LaunchScreen.storyboard in Resources */,
				B3829BFC253823E70019D38B /* Assets.xcassets in Resources */,
				B3829BFA253823E60019D38B /* Main.storyboard in Resources */,
			);
			runOnlyForDeploymentPostprocessing = 0;
		};
/* End PBXResourcesBuildPhase section */

/* Begin PBXSourcesBuildPhase section */
		B3829BEB253823E60019D38B /* Sources */ = {
			isa = PBXSourcesBuildPhase;
			buildActionMask = 2147483647;
			files = (
				B34C826E256E54BC0000FB82 /* PlayingAreaView.swift in Sources */,
				B3829BF7253823E60019D38B /* ViewController.swift in Sources */,
				B3EFE62C254BCD7900E69C8F /* SetCardView.swift in Sources */,
				B3829C08253824090019D38B /* GameOfSet.swift in Sources */,
				B3496D9925396CE6002ED859 /* Card.swift in Sources */,
				B3829BF3253823E60019D38B /* AppDelegate.swift in Sources */,
				B3C6DA0125677EE600565026 /* Grid.swift in Sources */,
				B3CE1E4D25724D250017898C /* outlinedButton.swift in Sources */,
				B3829BF5253823E60019D38B /* SceneDelegate.swift in Sources */,
			);
			runOnlyForDeploymentPostprocessing = 0;
		};
/* End PBXSourcesBuildPhase section */

/* Begin PBXVariantGroup section */
		B3829BF8253823E60019D38B /* Main.storyboard */ = {
			isa = PBXVariantGroup;
			children = (
				B3829BF9253823E60019D38B /* Base */,
			);
			name = Main.storyboard;
			sourceTree = "<group>";
		};
		B3829BFD253823E70019D38B /* LaunchScreen.storyboard */ = {
			isa = PBXVariantGroup;
			children = (
				B3829BFE253823E70019D38B /* Base */,
			);
			name = LaunchScreen.storyboard;
			sourceTree = "<group>";
		};
/* End PBXVariantGroup section */

/* Begin XCBuildConfiguration section */
		B3829C01253823E70019D38B /* Debug */ = {
			isa = XCBuildConfiguration;
			buildSettings = {
				ALWAYS_SEARCH_USER_PATHS = NO;
				CLANG_ANALYZER_NONNULL = YES;
				CLANG_ANALYZER_NUMBER_OBJECT_CONVERSION = YES_AGGRESSIVE;
				CLANG_CXX_LANGUAGE_STANDARD = "gnu++14";
				CLANG_CXX_LIBRARY = "libc++";
				CLANG_ENABLE_MODULES = YES;
				CLANG_ENABLE_OBJC_ARC = YES;
				CLANG_ENABLE_OBJC_WEAK = YES;
				CLANG_WARN_BLOCK_CAPTURE_AUTORELEASING = YES;
				CLANG_WARN_BOOL_CONVERSION = YES;
				CLANG_WARN_COMMA = YES;
				CLANG_WARN_CONSTANT_CONVERSION = YES;
				CLANG_WARN_DEPRECATED_OBJC_IMPLEMENTATIONS = YES;
				CLANG_WARN_DIRECT_OBJC_ISA_USAGE = YES_ERROR;
				CLANG_WARN_DOCUMENTATION_COMMENTS = YES;
				CLANG_WARN_EMPTY_BODY = YES;
				CLANG_WARN_ENUM_CONVERSION = YES;
				CLANG_WARN_INFINITE_RECURSION = YES;
				CLANG_WARN_INT_CONVERSION = YES;
				CLANG_WARN_NON_LITERAL_NULL_CONVERSION = YES;
				CLANG_WARN_OBJC_IMPLICIT_RETAIN_SELF = YES;
				CLANG_WARN_OBJC_LITERAL_CONVERSION = YES;
				CLANG_WARN_OBJC_ROOT_CLASS = YES_ERROR;
				CLANG_WARN_QUOTED_INCLUDE_IN_FRAMEWORK_HEADER = YES;
				CLANG_WARN_RANGE_LOOP_ANALYSIS = YES;
				CLANG_WARN_STRICT_PROTOTYPES = YES;
				CLANG_WARN_SUSPICIOUS_MOVE = YES;
				CLANG_WARN_UNGUARDED_AVAILABILITY = YES_AGGRESSIVE;
				CLANG_WARN_UNREACHABLE_CODE = YES;
				CLANG_WARN__DUPLICATE_METHOD_MATCH = YES;
				COPY_PHASE_STRIP = NO;
				DEBUG_INFORMATION_FORMAT = dwarf;
				ENABLE_STRICT_OBJC_MSGSEND = YES;
				ENABLE_TESTABILITY = YES;
				GCC_C_LANGUAGE_STANDARD = gnu11;
				GCC_DYNAMIC_NO_PIC = NO;
				GCC_NO_COMMON_BLOCKS = YES;
				GCC_OPTIMIZATION_LEVEL = 0;
				GCC_PREPROCESSOR_DEFINITIONS = (
					"DEBUG=1",
					"$(inherited)",
				);
				GCC_WARN_64_TO_32_BIT_CONVERSION = YES;
				GCC_WARN_ABOUT_RETURN_TYPE = YES_ERROR;
				GCC_WARN_UNDECLARED_SELECTOR = YES;
				GCC_WARN_UNINITIALIZED_AUTOS = YES_AGGRESSIVE;
				GCC_WARN_UNUSED_FUNCTION = YES;
				GCC_WARN_UNUSED_VARIABLE = YES;
				IPHONEOS_DEPLOYMENT_TARGET = 14.0;
				MTL_ENABLE_DEBUG_INFO = INCLUDE_SOURCE;
				MTL_FAST_MATH = YES;
				ONLY_ACTIVE_ARCH = YES;
				SDKROOT = iphoneos;
				SWIFT_ACTIVE_COMPILATION_CONDITIONS = DEBUG;
				SWIFT_OPTIMIZATION_LEVEL = "-Onone";
			};
			name = Debug;
		};
		B3829C02253823E70019D38B /* Release */ = {
			isa = XCBuildConfiguration;
			buildSettings = {
				ALWAYS_SEARCH_USER_PATHS = NO;
				CLANG_ANALYZER_NONNULL = YES;
				CLANG_ANALYZER_NUMBER_OBJECT_CONVERSION = YES_AGGRESSIVE;
				CLANG_CXX_LANGUAGE_STANDARD = "gnu++14";
				CLANG_CXX_LIBRARY = "libc++";
				CLANG_ENABLE_MODULES = YES;
				CLANG_ENABLE_OBJC_ARC = YES;
				CLANG_ENABLE_OBJC_WEAK = YES;
				CLANG_WARN_BLOCK_CAPTURE_AUTORELEASING = YES;
				CLANG_WARN_BOOL_CONVERSION = YES;
				CLANG_WARN_COMMA = YES;
				CLANG_WARN_CONSTANT_CONVERSION = YES;
				CLANG_WARN_DEPRECATED_OBJC_IMPLEMENTATIONS = YES;
				CLANG_WARN_DIRECT_OBJC_ISA_USAGE = YES_ERROR;
				CLANG_WARN_DOCUMENTATION_COMMENTS = YES;
				CLANG_WARN_EMPTY_BODY = YES;
				CLANG_WARN_ENUM_CONVERSION = YES;
				CLANG_WARN_INFINITE_RECURSION = YES;
				CLANG_WARN_INT_CONVERSION = YES;
				CLANG_WARN_NON_LITERAL_NULL_CONVERSION = YES;
				CLANG_WARN_OBJC_IMPLICIT_RETAIN_SELF = YES;
				CLANG_WARN_OBJC_LITERAL_CONVERSION = YES;
				CLANG_WARN_OBJC_ROOT_CLASS = YES_ERROR;
				CLANG_WARN_QUOTED_INCLUDE_IN_FRAMEWORK_HEADER = YES;
				CLANG_WARN_RANGE_LOOP_ANALYSIS = YES;
				CLANG_WARN_STRICT_PROTOTYPES = YES;
				CLANG_WARN_SUSPICIOUS_MOVE = YES;
				CLANG_WARN_UNGUARDED_AVAILABILITY = YES_AGGRESSIVE;
				CLANG_WARN_UNREACHABLE_CODE = YES;
				CLANG_WARN__DUPLICATE_METHOD_MATCH = YES;
				COPY_PHASE_STRIP = NO;
				DEBUG_INFORMATION_FORMAT = "dwarf-with-dsym";
				ENABLE_NS_ASSERTIONS = NO;
				ENABLE_STRICT_OBJC_MSGSEND = YES;
				GCC_C_LANGUAGE_STANDARD = gnu11;
				GCC_NO_COMMON_BLOCKS = YES;
				GCC_WARN_64_TO_32_BIT_CONVERSION = YES;
				GCC_WARN_ABOUT_RETURN_TYPE = YES_ERROR;
				GCC_WARN_UNDECLARED_SELECTOR = YES;
				GCC_WARN_UNINITIALIZED_AUTOS = YES_AGGRESSIVE;
				GCC_WARN_UNUSED_FUNCTION = YES;
				GCC_WARN_UNUSED_VARIABLE = YES;
				IPHONEOS_DEPLOYMENT_TARGET = 14.0;
				MTL_ENABLE_DEBUG_INFO = NO;
				MTL_FAST_MATH = YES;
				SDKROOT = iphoneos;
				SWIFT_COMPILATION_MODE = wholemodule;
				SWIFT_OPTIMIZATION_LEVEL = "-O";
				VALIDATE_PRODUCT = YES;
			};
			name = Release;
		};
		B3829C04253823E70019D38B /* Debug */ = {
			isa = XCBuildConfiguration;
			buildSettings = {
				ASSETCATALOG_COMPILER_APPICON_NAME = AppIcon;
				ASSETCATALOG_COMPILER_GLOBAL_ACCENT_COLOR_NAME = AccentColor;
				CODE_SIGN_STYLE = Automatic;
				DEVELOPMENT_TEAM = 42N342ZEKY;
				INFOPLIST_FILE = GameOfSet/Info.plist;
				LD_RUNPATH_SEARCH_PATHS = (
					"$(inherited)",
					"@executable_path/Frameworks",
				);
				PRODUCT_BUNDLE_IDENTIFIER = local.cs193p.sivesh.GraphicalGameOfSet;
				PRODUCT_NAME = "$(TARGET_NAME)";
				SWIFT_VERSION = 5.0;
				TARGETED_DEVICE_FAMILY = "1,2";
			};
			name = Debug;
		};
		B3829C05253823E70019D38B /* Release */ = {
			isa = XCBuildConfiguration;
			buildSettings = {
				ASSETCATALOG_COMPILER_APPICON_NAME = AppIcon;
				ASSETCATALOG_COMPILER_GLOBAL_ACCENT_COLOR_NAME = AccentColor;
				CODE_SIGN_STYLE = Automatic;
				DEVELOPMENT_TEAM = 42N342ZEKY;
				INFOPLIST_FILE = GameOfSet/Info.plist;
				LD_RUNPATH_SEARCH_PATHS = (
					"$(inherited)",
					"@executable_path/Frameworks",
				);
				PRODUCT_BUNDLE_IDENTIFIER = local.cs193p.sivesh.GraphicalGameOfSet;
				PRODUCT_NAME = "$(TARGET_NAME)";
				SWIFT_VERSION = 5.0;
				TARGETED_DEVICE_FAMILY = "1,2";
			};
			name = Release;
		};
/* End XCBuildConfiguration section */

/* Begin XCConfigurationList section */
		B3829BEA253823E60019D38B /* Build configuration list for PBXProject "GameOfSet" */ = {
			isa = XCConfigurationList;
			buildConfigurations = (
				B3829C01253823E70019D38B /* Debug */,
				B3829C02253823E70019D38B /* Release */,
			);
			defaultConfigurationIsVisible = 0;
			defaultConfigurationName = Release;
		};
		B3829C03253823E70019D38B /* Build configuration list for PBXNativeTarget "GameOfSet" */ = {
			isa = XCConfigurationList;
			buildConfigurations = (
				B3829C04253823E70019D38B /* Debug */,
				B3829C05253823E70019D38B /* Release */,
			);
			defaultConfigurationIsVisible = 0;
			defaultConfigurationName = Release;
		};
/* End XCConfigurationList section */
	};
	rootObject = B3829BE7253823E60019D38B /* Project object */;
}
